// !$*UTF8*$!
{
	archiveVersion = 1;
	classes = {
	};
	objectVersion = 77;
	objects = {

/* Begin PBXBuildFile section */
		0E17C5892E3BB79600A2F5EF /* PhotosPickerViewModel.swift in Sources */ = {isa = PBXBuildFile; fileRef = 0E17C5882E3BB79600A2F5EF /* PhotosPickerViewModel.swift */; };
		0E17C58C2E3BB88E00A2F5EF /* Cloudinary in Frameworks */ = {isa = PBXBuildFile; productRef = 0E17C58B2E3BB88E00A2F5EF /* Cloudinary */; };
		0E2FE33A2E39954200C76D72 /* InformationView.swift in Sources */ = {isa = PBXBuildFile; fileRef = 0E2FE3392E39954200C76D72 /* InformationView.swift */; };
		0E3D415C2E67AD1A00E52D53 /* CacheManager.swift in Sources */ = {isa = PBXBuildFile; fileRef = 0E3D415B2E67AD1200E52D53 /* CacheManager.swift */; };
		0E3D415F2E68A52400E52D53 /* NetworkServices.swift in Sources */ = {isa = PBXBuildFile; fileRef = 0E3D415E2E68A52200E52D53 /* NetworkServices.swift */; };
		0E3D41632E68EF7000E52D53 /* LoadingView.swift in Sources */ = {isa = PBXBuildFile; fileRef = 0E3D41622E68EF7000E52D53 /* LoadingView.swift */; };
		0E5279A32E34EB5100CD60F3 /* SendoraApp.swift in Sources */ = {isa = PBXBuildFile; fileRef = 0E5279A22E34EB5100CD60F3 /* SendoraApp.swift */; };
		0E5279A72E34EB5200CD60F3 /* Assets.xcassets in Resources */ = {isa = PBXBuildFile; fileRef = 0E5279A62E34EB5200CD60F3 /* Assets.xcassets */; };
		0E5279E42E34F20900CD60F3 /* StartingScreen.swift in Sources */ = {isa = PBXBuildFile; fileRef = 0E5279E32E34F20900CD60F3 /* StartingScreen.swift */; };
		0E5C988F2E7D86630090D09A /* ChatsView.swift in Sources */ = {isa = PBXBuildFile; fileRef = 0E5C988E2E7D86630090D09A /* ChatsView.swift */; };
		0E5C98912E7D8F9D0090D09A /* ChatModel.swift in Sources */ = {isa = PBXBuildFile; fileRef = 0E5C98902E7D8F9D0090D09A /* ChatModel.swift */; };
		0E5C98932E7DBEE80090D09A /* MessageModel.swift in Sources */ = {isa = PBXBuildFile; fileRef = 0E5C98922E7DBEE20090D09A /* MessageModel.swift */; };
		0E74AC142E7EE259003027C2 /* FirebaseInAppMessaging-Beta in Frameworks */ = {isa = PBXBuildFile; productRef = 0E74AC132E7EE259003027C2 /* FirebaseInAppMessaging-Beta */; };
		0E74AC162E7EE259003027C2 /* FirebaseInAppMessagingSwift-Beta in Frameworks */ = {isa = PBXBuildFile; productRef = 0E74AC152E7EE259003027C2 /* FirebaseInAppMessagingSwift-Beta */; };
		0E74AC182E7EE259003027C2 /* FirebaseMessaging in Frameworks */ = {isa = PBXBuildFile; productRef = 0E74AC172E7EE259003027C2 /* FirebaseMessaging */; };
		0EAB7A752E7C7DB90052F52A /* GoogleSignIn in Frameworks */ = {isa = PBXBuildFile; productRef = 0EAB7A742E7C7DB90052F52A /* GoogleSignIn */; };
		0EAB7A772E7C7DB90052F52A /* GoogleSignInSwift in Frameworks */ = {isa = PBXBuildFile; productRef = 0EAB7A762E7C7DB90052F52A /* GoogleSignInSwift */; };
		0EAB7A7A2E7C7E300052F52A /* FirebaseAnalytics in Frameworks */ = {isa = PBXBuildFile; productRef = 0EAB7A792E7C7E300052F52A /* FirebaseAnalytics */; };
		0EAB7A7C2E7C7E300052F52A /* FirebaseAuth in Frameworks */ = {isa = PBXBuildFile; productRef = 0EAB7A7B2E7C7E300052F52A /* FirebaseAuth */; };
		0EAB7A7E2E7C7E300052F52A /* FirebaseFirestore in Frameworks */ = {isa = PBXBuildFile; productRef = 0EAB7A7D2E7C7E300052F52A /* FirebaseFirestore */; };
		0EAB7A802E7C7E300052F52A /* FirebaseFirestoreCombine-Community in Frameworks */ = {isa = PBXBuildFile; productRef = 0EAB7A7F2E7C7E300052F52A /* FirebaseFirestoreCombine-Community */; };
		0EAB7A822E7C7E300052F52A /* FirebaseFirestoreSwift in Frameworks */ = {isa = PBXBuildFile; productRef = 0EAB7A812E7C7E300052F52A /* FirebaseFirestoreSwift */; };
		0EAE11B72E7F1E0E0048989A /* AppChat+CoreDataClass.swift in Sources */ = {isa = PBXBuildFile; fileRef = 0EAE11B52E7F1E0E0048989A /* AppChat+CoreDataClass.swift */; };
		0EAE11B82E7F1E0E0048989A /* AppChat+CoreDataProperties.swift in Sources */ = {isa = PBXBuildFile; fileRef = 0EAE11B62E7F1E0E0048989A /* AppChat+CoreDataProperties.swift */; };
		0EAE11BF2E7F1E4D0048989A /* AppMessage+CoreDataClass.swift in Sources */ = {isa = PBXBuildFile; fileRef = 0EAE11B92E7F1E4D0048989A /* AppMessage+CoreDataClass.swift */; };
		0EAE11C02E7F1E4D0048989A /* AppMessage+CoreDataProperties.swift in Sources */ = {isa = PBXBuildFile; fileRef = 0EAE11BA2E7F1E4D0048989A /* AppMessage+CoreDataProperties.swift */; };
		0EAE11C12E7F1E4D0048989A /* MessageContent+CoreDataProperties.swift in Sources */ = {isa = PBXBuildFile; fileRef = 0EAE11BE2E7F1E4D0048989A /* MessageContent+CoreDataProperties.swift */; };
		0EAE11C22E7F1E4D0048989A /* AppUser+CoreDataClass.swift in Sources */ = {isa = PBXBuildFile; fileRef = 0EAE11BB2E7F1E4D0048989A /* AppUser+CoreDataClass.swift */; };
		0EAE11C32E7F1E4D0048989A /* AppUser+CoreDataProperties.swift in Sources */ = {isa = PBXBuildFile; fileRef = 0EAE11BC2E7F1E4D0048989A /* AppUser+CoreDataProperties.swift */; };
		0EAE11C42E7F1E4D0048989A /* MessageContent+CoreDataClass.swift in Sources */ = {isa = PBXBuildFile; fileRef = 0EAE11BD2E7F1E4D0048989A /* MessageContent+CoreDataClass.swift */; };
		0EAEE18C2E49CD5B00A8AF68 /* CacheViewModel.swift in Sources */ = {isa = PBXBuildFile; fileRef = 0EAEE18B2E49CD5500A8AF68 /* CacheViewModel.swift */; };
		0EB1F5552E69E25100C76205 /* ImageCloudServices.swift in Sources */ = {isa = PBXBuildFile; fileRef = 0EB1F5542E69E25100C76205 /* ImageCloudServices.swift */; };
		0EB1F55C2E69E84000C76205 /* ImageLoadingView.swift in Sources */ = {isa = PBXBuildFile; fileRef = 0EB1F55B2E69E84000C76205 /* ImageLoadingView.swift */; };
		0EB1F55F2E6A2A2100C76205 /* AppRestartManager.swift in Sources */ = {isa = PBXBuildFile; fileRef = 0EB1F55E2E6A2A2000C76205 /* AppRestartManager.swift */; };
		0EB1F5632E6A2CB400C76205 /* SyncManager.swift in Sources */ = {isa = PBXBuildFile; fileRef = 0EB1F5622E6A2CAF00C76205 /* SyncManager.swift */; };
		0EC097562E8046C1009B30F9 /* HomeScreen.swift in Sources */ = {isa = PBXBuildFile; fileRef = 0EC097552E8046C1009B30F9 /* HomeScreen.swift */; };
		0EC5A00E2E37B26A00ECDB14 /* Helpers.swift in Sources */ = {isa = PBXBuildFile; fileRef = 0EC5A00D2E37B26A00ECDB14 /* Helpers.swift */; };
		0EC5A0192E3920C000ECDB14 /* DBServices.swift in Sources */ = {isa = PBXBuildFile; fileRef = 0EC5A0182E3920AB00ECDB14 /* DBServices.swift */; };
		0EC5A0212E39412500ECDB14 /* UserModel.swift in Sources */ = {isa = PBXBuildFile; fileRef = 0EC5A0202E39412500ECDB14 /* UserModel.swift */; };
		0EC9779A2E39A4C000CD3E84 /* SwiftDefaults in Frameworks */ = {isa = PBXBuildFile; productRef = 0EC977992E39A4C000CD3E84 /* SwiftDefaults */; };
		0ED4DCEF2E351CA30086E73F /* LoginView.swift in Sources */ = {isa = PBXBuildFile; fileRef = 0ED4DCEE2E351CA30086E73F /* LoginView.swift */; };
		0ED4FB272E361717004670CC /* SignUpView.swift in Sources */ = {isa = PBXBuildFile; fileRef = 0ED4FB262E361717004670CC /* SignUpView.swift */; };
		0ED4FB292E361B1C004670CC /* AuthComplementaryViews.swift in Sources */ = {isa = PBXBuildFile; fileRef = 0ED4FB282E361B1C004670CC /* AuthComplementaryViews.swift */; };
		0ED4FB2C2E361BEA004670CC /* AuthEnums.swift in Sources */ = {isa = PBXBuildFile; fileRef = 0ED4FB2B2E361BDE004670CC /* AuthEnums.swift */; };
		0ED4FB322E361DF2004670CC /* AuthenticationServices.swift in Sources */ = {isa = PBXBuildFile; fileRef = 0ED4FB312E361DF2004670CC /* AuthenticationServices.swift */; };
		0ED4FB342E362537004670CC /* InvalidAlertView.swift in Sources */ = {isa = PBXBuildFile; fileRef = 0ED4FB332E362537004670CC /* InvalidAlertView.swift */; };
		0ED4FB3A2E362A81004670CC /* Enums.swift in Sources */ = {isa = PBXBuildFile; fileRef = 0ED4FB392E362A7C004670CC /* Enums.swift */; };
		0ED4FB3C2E362A96004670CC /* AlertsViewModel.swift in Sources */ = {isa = PBXBuildFile; fileRef = 0ED4FB3B2E362A90004670CC /* AlertsViewModel.swift */; };
		0EECBF2F2E4A65970014681E /* CoreDataManager.swift in Sources */ = {isa = PBXBuildFile; fileRef = 0EECBF2E2E4A65900014681E /* CoreDataManager.swift */; };
		0EF7E3642E36C1F9007BA6AE /* RouterViewModel.swift in Sources */ = {isa = PBXBuildFile; fileRef = 0EF7E3632E36C1F9007BA6AE /* RouterViewModel.swift */; };
		0EF8F7C52E36F3D30021F494 /* RootView.swift in Sources */ = {isa = PBXBuildFile; fileRef = 0EF8F7C42E36F3D30021F494 /* RootView.swift */; };
/* End PBXBuildFile section */

/* Begin PBXContainerItemProxy section */
		0E5279B72E34EB5200CD60F3 /* PBXContainerItemProxy */ = {
			isa = PBXContainerItemProxy;
			containerPortal = 0E5279972E34EB5000CD60F3 /* Project object */;
			proxyType = 1;
			remoteGlobalIDString = 0E52799E2E34EB5100CD60F3;
			remoteInfo = Sendora;
		};
		0E5279C12E34EB5200CD60F3 /* PBXContainerItemProxy */ = {
			isa = PBXContainerItemProxy;
			containerPortal = 0E5279972E34EB5000CD60F3 /* Project object */;
			proxyType = 1;
			remoteGlobalIDString = 0E52799E2E34EB5100CD60F3;
			remoteInfo = Sendora;
		};
/* End PBXContainerItemProxy section */

/* Begin PBXCopyFilesBuildPhase section */
		0ED4DD002E3532990086E73F /* Embed Foundation Extensions */ = {
			isa = PBXCopyFilesBuildPhase;
			buildActionMask = 2147483647;
			dstPath = "";
			dstSubfolderSpec = 13;
			files = (
			);
			name = "Embed Foundation Extensions";
			runOnlyForDeploymentPostprocessing = 0;
		};
/* End PBXCopyFilesBuildPhase section */

/* Begin PBXFileReference section */
		0E17C5882E3BB79600A2F5EF /* PhotosPickerViewModel.swift */ = {isa = PBXFileReference; lastKnownFileType = sourcecode.swift; path = PhotosPickerViewModel.swift; sourceTree = "<group>"; };
		0E2FE3392E39954200C76D72 /* InformationView.swift */ = {isa = PBXFileReference; lastKnownFileType = sourcecode.swift; path = InformationView.swift; sourceTree = "<group>"; };
		0E3D415B2E67AD1200E52D53 /* CacheManager.swift */ = {isa = PBXFileReference; lastKnownFileType = sourcecode.swift; path = CacheManager.swift; sourceTree = "<group>"; };
		0E3D415E2E68A52200E52D53 /* NetworkServices.swift */ = {isa = PBXFileReference; lastKnownFileType = sourcecode.swift; path = NetworkServices.swift; sourceTree = "<group>"; };
		0E3D41622E68EF7000E52D53 /* LoadingView.swift */ = {isa = PBXFileReference; lastKnownFileType = sourcecode.swift; path = LoadingView.swift; sourceTree = "<group>"; };
		0E52799F2E34EB5100CD60F3 /* Sendora.app */ = {isa = PBXFileReference; explicitFileType = wrapper.application; includeInIndex = 0; path = Sendora.app; sourceTree = BUILT_PRODUCTS_DIR; };
		0E5279A22E34EB5100CD60F3 /* SendoraApp.swift */ = {isa = PBXFileReference; lastKnownFileType = sourcecode.swift; path = SendoraApp.swift; sourceTree = "<group>"; };
		0E5279A62E34EB5200CD60F3 /* Assets.xcassets */ = {isa = PBXFileReference; lastKnownFileType = folder.assetcatalog; path = Assets.xcassets; sourceTree = "<group>"; };
		0E5279B62E34EB5200CD60F3 /* SendoraTests.xctest */ = {isa = PBXFileReference; explicitFileType = wrapper.cfbundle; includeInIndex = 0; path = SendoraTests.xctest; sourceTree = BUILT_PRODUCTS_DIR; };
		0E5279C02E34EB5200CD60F3 /* SendoraUITests.xctest */ = {isa = PBXFileReference; explicitFileType = wrapper.cfbundle; includeInIndex = 0; path = SendoraUITests.xctest; sourceTree = BUILT_PRODUCTS_DIR; };
		0E5279E32E34F20900CD60F3 /* StartingScreen.swift */ = {isa = PBXFileReference; lastKnownFileType = sourcecode.swift; path = StartingScreen.swift; sourceTree = "<group>"; };
		0E5C988E2E7D86630090D09A /* ChatsView.swift */ = {isa = PBXFileReference; lastKnownFileType = sourcecode.swift; path = ChatsView.swift; sourceTree = "<group>"; };
		0E5C98902E7D8F9D0090D09A /* ChatModel.swift */ = {isa = PBXFileReference; lastKnownFileType = sourcecode.swift; path = ChatModel.swift; sourceTree = "<group>"; };
		0E5C98922E7DBEE20090D09A /* MessageModel.swift */ = {isa = PBXFileReference; lastKnownFileType = sourcecode.swift; path = MessageModel.swift; sourceTree = "<group>"; };
		0EAE11B52E7F1E0E0048989A /* AppChat+CoreDataClass.swift */ = {isa = PBXFileReference; lastKnownFileType = sourcecode.swift; name = "AppChat+CoreDataClass.swift"; path = "../AppChat+CoreDataClass.swift"; sourceTree = "<group>"; };
		0EAE11B62E7F1E0E0048989A /* AppChat+CoreDataProperties.swift */ = {isa = PBXFileReference; lastKnownFileType = sourcecode.swift; name = "AppChat+CoreDataProperties.swift"; path = "../AppChat+CoreDataProperties.swift"; sourceTree = "<group>"; };
		0EAE11B92E7F1E4D0048989A /* AppMessage+CoreDataClass.swift */ = {isa = PBXFileReference; lastKnownFileType = sourcecode.swift; name = "AppMessage+CoreDataClass.swift"; path = "../AppMessage+CoreDataClass.swift"; sourceTree = "<group>"; };
		0EAE11BA2E7F1E4D0048989A /* AppMessage+CoreDataProperties.swift */ = {isa = PBXFileReference; lastKnownFileType = sourcecode.swift; name = "AppMessage+CoreDataProperties.swift"; path = "../AppMessage+CoreDataProperties.swift"; sourceTree = "<group>"; };
		0EAE11BB2E7F1E4D0048989A /* AppUser+CoreDataClass.swift */ = {isa = PBXFileReference; lastKnownFileType = sourcecode.swift; name = "AppUser+CoreDataClass.swift"; path = "../AppUser+CoreDataClass.swift"; sourceTree = "<group>"; };
		0EAE11BC2E7F1E4D0048989A /* AppUser+CoreDataProperties.swift */ = {isa = PBXFileReference; lastKnownFileType = sourcecode.swift; name = "AppUser+CoreDataProperties.swift"; path = "../AppUser+CoreDataProperties.swift"; sourceTree = "<group>"; };
		0EAE11BD2E7F1E4D0048989A /* MessageContent+CoreDataClass.swift */ = {isa = PBXFileReference; lastKnownFileType = sourcecode.swift; name = "MessageContent+CoreDataClass.swift"; path = "../MessageContent+CoreDataClass.swift"; sourceTree = "<group>"; };
		0EAE11BE2E7F1E4D0048989A /* MessageContent+CoreDataProperties.swift */ = {isa = PBXFileReference; lastKnownFileType = sourcecode.swift; name = "MessageContent+CoreDataProperties.swift"; path = "../MessageContent+CoreDataProperties.swift"; sourceTree = "<group>"; };
		0EAEE18B2E49CD5500A8AF68 /* CacheViewModel.swift */ = {isa = PBXFileReference; lastKnownFileType = sourcecode.swift; path = CacheViewModel.swift; sourceTree = "<group>"; };
		0EB1F5542E69E25100C76205 /* ImageCloudServices.swift */ = {isa = PBXFileReference; lastKnownFileType = sourcecode.swift; path = ImageCloudServices.swift; sourceTree = "<group>"; };
		0EB1F55B2E69E84000C76205 /* ImageLoadingView.swift */ = {isa = PBXFileReference; lastKnownFileType = sourcecode.swift; path = ImageLoadingView.swift; sourceTree = "<group>"; };
		0EB1F55E2E6A2A2000C76205 /* AppRestartManager.swift */ = {isa = PBXFileReference; lastKnownFileType = sourcecode.swift; path = AppRestartManager.swift; sourceTree = "<group>"; };
		0EB1F5622E6A2CAF00C76205 /* SyncManager.swift */ = {isa = PBXFileReference; lastKnownFileType = sourcecode.swift; path = SyncManager.swift; sourceTree = "<group>"; };
		0EC097552E8046C1009B30F9 /* HomeScreen.swift */ = {isa = PBXFileReference; lastKnownFileType = sourcecode.swift; path = HomeScreen.swift; sourceTree = "<group>"; };
		0EC5A00C2E37B06800ECDB14 /* ViewController.md */ = {isa = PBXFileReference; lastKnownFileType = net.daringfireball.markdown; path = ViewController.md; sourceTree = "<group>"; };
		0EC5A00D2E37B26A00ECDB14 /* Helpers.swift */ = {isa = PBXFileReference; lastKnownFileType = sourcecode.swift; path = Helpers.swift; sourceTree = "<group>"; };
		0EC5A0182E3920AB00ECDB14 /* DBServices.swift */ = {isa = PBXFileReference; lastKnownFileType = sourcecode.swift; path = DBServices.swift; sourceTree = "<group>"; };
		0EC5A0202E39412500ECDB14 /* UserModel.swift */ = {isa = PBXFileReference; lastKnownFileType = sourcecode.swift; path = UserModel.swift; sourceTree = "<group>"; };
		0ED4DCEE2E351CA30086E73F /* LoginView.swift */ = {isa = PBXFileReference; indentWidth = 2; lastKnownFileType = sourcecode.swift; path = LoginView.swift; sourceTree = "<group>"; tabWidth = 2; };
		0ED4FB262E361717004670CC /* SignUpView.swift */ = {isa = PBXFileReference; indentWidth = 2; lastKnownFileType = sourcecode.swift; path = SignUpView.swift; sourceTree = "<group>"; tabWidth = 2; };
		0ED4FB282E361B1C004670CC /* AuthComplementaryViews.swift */ = {isa = PBXFileReference; lastKnownFileType = sourcecode.swift; path = AuthComplementaryViews.swift; sourceTree = "<group>"; };
		0ED4FB2B2E361BDE004670CC /* AuthEnums.swift */ = {isa = PBXFileReference; lastKnownFileType = sourcecode.swift; path = AuthEnums.swift; sourceTree = "<group>"; };
		0ED4FB312E361DF2004670CC /* AuthenticationServices.swift */ = {isa = PBXFileReference; lastKnownFileType = sourcecode.swift; path = AuthenticationServices.swift; sourceTree = "<group>"; };
		0ED4FB332E362537004670CC /* InvalidAlertView.swift */ = {isa = PBXFileReference; lastKnownFileType = sourcecode.swift; path = InvalidAlertView.swift; sourceTree = "<group>"; };
		0ED4FB392E362A7C004670CC /* Enums.swift */ = {isa = PBXFileReference; lastKnownFileType = sourcecode.swift; path = Enums.swift; sourceTree = "<group>"; };
		0ED4FB3B2E362A90004670CC /* AlertsViewModel.swift */ = {isa = PBXFileReference; indentWidth = 2; lastKnownFileType = sourcecode.swift; path = AlertsViewModel.swift; sourceTree = "<group>"; tabWidth = 2; };
		0EECBF2E2E4A65900014681E /* CoreDataManager.swift */ = {isa = PBXFileReference; lastKnownFileType = sourcecode.swift; path = CoreDataManager.swift; sourceTree = "<group>"; };
		0EF7E3632E36C1F9007BA6AE /* RouterViewModel.swift */ = {isa = PBXFileReference; lastKnownFileType = sourcecode.swift; path = RouterViewModel.swift; sourceTree = "<group>"; };
		0EF8F7C42E36F3D30021F494 /* RootView.swift */ = {isa = PBXFileReference; lastKnownFileType = sourcecode.swift; path = RootView.swift; sourceTree = "<group>"; };
/* End PBXFileReference section */

/* Begin PBXFileSystemSynchronizedBuildFileExceptionSet section */
		0E5279E62E34F28B00CD60F3 /* Exceptions for "Sendora" folder in "Sendora" target */ = {
			isa = PBXFileSystemSynchronizedBuildFileExceptionSet;
			membershipExceptions = (
				Info.plist,
			);
			target = 0E52799E2E34EB5100CD60F3 /* Sendora */;
		};
/* End PBXFileSystemSynchronizedBuildFileExceptionSet section */

/* Begin PBXFileSystemSynchronizedRootGroup section */
		0E5279B92E34EB5200CD60F3 /* SendoraTests */ = {
			isa = PBXFileSystemSynchronizedRootGroup;
			path = SendoraTests;
			sourceTree = "<group>";
		};
		0E5279C32E34EB5200CD60F3 /* SendoraUITests */ = {
			isa = PBXFileSystemSynchronizedRootGroup;
			path = SendoraUITests;
			sourceTree = "<group>";
		};
		0E5279E52E34F28700CD60F3 /* Sendora */ = {
			isa = PBXFileSystemSynchronizedRootGroup;
			exceptions = (
				0E5279E62E34F28B00CD60F3 /* Exceptions for "Sendora" folder in "Sendora" target */,
			);
			path = Sendora;
			sourceTree = "<group>";
		};
		0ED4DCE22E3507E00086E73F /* Fonts */ = {
			isa = PBXFileSystemSynchronizedRootGroup;
			path = Fonts;
			sourceTree = "<group>";
		};
/* End PBXFileSystemSynchronizedRootGroup section */

/* Begin PBXFrameworksBuildPhase section */
		0E52799C2E34EB5100CD60F3 /* Frameworks */ = {
			isa = PBXFrameworksBuildPhase;
			buildActionMask = 2147483647;
			files = (
				0E74AC182E7EE259003027C2 /* FirebaseMessaging in Frameworks */,
				0E74AC162E7EE259003027C2 /* FirebaseInAppMessagingSwift-Beta in Frameworks */,
				0E17C58C2E3BB88E00A2F5EF /* Cloudinary in Frameworks */,
				0EAB7A802E7C7E300052F52A /* FirebaseFirestoreCombine-Community in Frameworks */,
				0EAB7A7C2E7C7E300052F52A /* FirebaseAuth in Frameworks */,
				0EAB7A772E7C7DB90052F52A /* GoogleSignInSwift in Frameworks */,
				0EC9779A2E39A4C000CD3E84 /* SwiftDefaults in Frameworks */,
				0EAB7A7A2E7C7E300052F52A /* FirebaseAnalytics in Frameworks */,
				0EAB7A752E7C7DB90052F52A /* GoogleSignIn in Frameworks */,
				0EAB7A7E2E7C7E300052F52A /* FirebaseFirestore in Frameworks */,
				0EAB7A822E7C7E300052F52A /* FirebaseFirestoreSwift in Frameworks */,
				0E74AC142E7EE259003027C2 /* FirebaseInAppMessaging-Beta in Frameworks */,
			);
			runOnlyForDeploymentPostprocessing = 0;
		};
		0E5279B32E34EB5200CD60F3 /* Frameworks */ = {
			isa = PBXFrameworksBuildPhase;
			buildActionMask = 2147483647;
			files = (
			);
			runOnlyForDeploymentPostprocessing = 0;
		};
		0E5279BD2E34EB5200CD60F3 /* Frameworks */ = {
			isa = PBXFrameworksBuildPhase;
			buildActionMask = 2147483647;
			files = (
			);
			runOnlyForDeploymentPostprocessing = 0;
		};
/* End PBXFrameworksBuildPhase section */

/* Begin PBXGroup section */
		0E17C5872E3BB74200A2F5EF /* ViewModels */ = {
			isa = PBXGroup;
			children = (
				0EAEE18B2E49CD5500A8AF68 /* CacheViewModel.swift */,
				0E17C5882E3BB79600A2F5EF /* PhotosPickerViewModel.swift */,
			);
			path = ViewModels;
			sourceTree = "<group>";
		};
		0E17C58D2E3BBCF600A2F5EF /* CloudServices */ = {
			isa = PBXGroup;
			children = (
				0EB1F5542E69E25100C76205 /* ImageCloudServices.swift */,
			);
			path = CloudServices;
			sourceTree = "<group>";
		};
		0E3D415D2E68A51400E52D53 /* NetworkServices */ = {
			isa = PBXGroup;
			children = (
				0E3D415E2E68A52200E52D53 /* NetworkServices.swift */,
			);
			path = NetworkServices;
			sourceTree = "<group>";
		};
		0E5279962E34EB5000CD60F3 = {
			isa = PBXGroup;
			children = (
				0EC5A01E2E393E2600ECDB14 /* Models */,
				0E17C5872E3BB74200A2F5EF /* ViewModels */,
				0EC5A00B2E37B06200ECDB14 /* Docs */,
				0EC5A0092E37AEF900ECDB14 /* Helpers */,
				0E5279D42E34EBBB00CD60F3 /* Test */,
				0E5279A02E34EB5100CD60F3 /* Products */,
				0E5279D82E34EC1100CD60F3 /* App */,
				0E5279D92E34EC2400CD60F3 /* Resources */,
				0E5279DE2E34EC9D00CD60F3 /* Services */,
				0E5279E02E34ECD300CD60F3 /* Utilities */,
				0E5279E12E34ECF500CD60F3 /* Features */,
				0E5279E22E34ED4E00CD60F3 /* Routing */,
				0E5279DA2E34EC4B00CD60F3 /* SupportingFiles */,
				0E5279E52E34F28700CD60F3 /* Sendora */,
				0ED4DCE22E3507E00086E73F /* Fonts */,
			);
			sourceTree = "<group>";
		};
		0E5279A02E34EB5100CD60F3 /* Products */ = {
			isa = PBXGroup;
			children = (
				0E52799F2E34EB5100CD60F3 /* Sendora.app */,
				0E5279B62E34EB5200CD60F3 /* SendoraTests.xctest */,
				0E5279C02E34EB5200CD60F3 /* SendoraUITests.xctest */,
			);
			name = Products;
			sourceTree = "<group>";
		};
		0E5279D42E34EBBB00CD60F3 /* Test */ = {
			isa = PBXGroup;
			children = (
				0E5279B92E34EB5200CD60F3 /* SendoraTests */,
				0E5279C32E34EB5200CD60F3 /* SendoraUITests */,
			);
			path = Test;
			sourceTree = "<group>";
		};
		0E5279D82E34EC1100CD60F3 /* App */ = {
			isa = PBXGroup;
			children = (
				0E5279A22E34EB5100CD60F3 /* SendoraApp.swift */,
				0EF8F7C42E36F3D30021F494 /* RootView.swift */,
			);
			path = App;
			sourceTree = "<group>";
		};
		0E5279D92E34EC2400CD60F3 /* Resources */ = {
			isa = PBXGroup;
			children = (
				0E5279A62E34EB5200CD60F3 /* Assets.xcassets */,
			);
			path = Resources;
			sourceTree = "<group>";
		};
		0E5279DA2E34EC4B00CD60F3 /* SupportingFiles */ = {
			isa = PBXGroup;
			children = (
			);
			path = SupportingFiles;
			sourceTree = "<group>";
		};
		0E5279DE2E34EC9D00CD60F3 /* Services */ = {
			isa = PBXGroup;
			children = (
				0EB1F5622E6A2CAF00C76205 /* SyncManager.swift */,
				0EB1F55D2E6A2A1300C76205 /* AppRestartManager */,
				0E3D415D2E68A51400E52D53 /* NetworkServices */,
				0EB1F5602E6A2C6D00C76205 /* MemoryManagement */,
				0E17C58D2E3BBCF600A2F5EF /* CloudServices */,
				0EC5A0172E3920A100ECDB14 /* Database */,
				0E5279DF2E34ECAE00CD60F3 /* Authentication */,
			);
			path = Services;
			sourceTree = "<group>";
		};
		0E5279DF2E34ECAE00CD60F3 /* Authentication */ = {
			isa = PBXGroup;
			children = (
				0ED4FB312E361DF2004670CC /* AuthenticationServices.swift */,
			);
			path = Authentication;
			sourceTree = "<group>";
		};
		0E5279E02E34ECD300CD60F3 /* Utilities */ = {
			isa = PBXGroup;
			children = (
				0ED4FB3D2E36645B004670CC /* Helpers */,
			);
			path = Utilities;
			sourceTree = "<group>";
		};
		0E5279E12E34ECF500CD60F3 /* Features */ = {
			isa = PBXGroup;
			children = (
				0EC097572E8046D7009B30F9 /* Screens */,
				0E5C988D2E7D86370090D09A /* Chats */,
				0EB1F5582E69E81E00C76205 /* LoadingFeatures */,
				0EC5A00F2E38EB0400ECDB14 /* Information */,
				0ED4FB352E362A4B004670CC /* Alerts */,
				0ED4DCE82E351BFC0086E73F /* Authentication */,
			);
			path = Features;
			sourceTree = "<group>";
		};
		0E5279E22E34ED4E00CD60F3 /* Routing */ = {
			isa = PBXGroup;
			children = (
				0EF7E3632E36C1F9007BA6AE /* RouterViewModel.swift */,
			);
			path = Routing;
			sourceTree = "<group>";
		};
		0E5C988D2E7D86370090D09A /* Chats */ = {
			isa = PBXGroup;
			children = (
				0E5C988E2E7D86630090D09A /* ChatsView.swift */,
			);
			path = Chats;
			sourceTree = "<group>";
		};
		0EAE119E2E7F19790048989A /* CoreDataModels */ = {
			isa = PBXGroup;
			children = (
				0EAE11B92E7F1E4D0048989A /* AppMessage+CoreDataClass.swift */,
				0EAE11BA2E7F1E4D0048989A /* AppMessage+CoreDataProperties.swift */,
				0EAE11BB2E7F1E4D0048989A /* AppUser+CoreDataClass.swift */,
				0EAE11BC2E7F1E4D0048989A /* AppUser+CoreDataProperties.swift */,
				0EAE11BD2E7F1E4D0048989A /* MessageContent+CoreDataClass.swift */,
				0EAE11BE2E7F1E4D0048989A /* MessageContent+CoreDataProperties.swift */,
				0EAE11B52E7F1E0E0048989A /* AppChat+CoreDataClass.swift */,
				0EAE11B62E7F1E0E0048989A /* AppChat+CoreDataProperties.swift */,
			);
			path = CoreDataModels;
			sourceTree = "<group>";
		};
		0EAEE18E2E49D34700A8AF68 /* CacheManagers */ = {
			isa = PBXGroup;
			children = (
				0E3D415B2E67AD1200E52D53 /* CacheManager.swift */,
			);
			path = CacheManagers;
			sourceTree = "<group>";
		};
		0EB1F5582E69E81E00C76205 /* LoadingFeatures */ = {
			isa = PBXGroup;
			children = (
				0EB1F55B2E69E84000C76205 /* ImageLoadingView.swift */,
			);
			path = LoadingFeatures;
			sourceTree = "<group>";
		};
		0EB1F55D2E6A2A1300C76205 /* AppRestartManager */ = {
			isa = PBXGroup;
			children = (
				0EB1F55E2E6A2A2000C76205 /* AppRestartManager.swift */,
			);
			path = AppRestartManager;
			sourceTree = "<group>";
		};
		0EB1F5602E6A2C6D00C76205 /* MemoryManagement */ = {
			isa = PBXGroup;
			children = (
				0EB1F5612E6A2C8800C76205 /* CoreData */,
				0EAEE18E2E49D34700A8AF68 /* CacheManagers */,
			);
			path = MemoryManagement;
			sourceTree = "<group>";
		};
		0EB1F5612E6A2C8800C76205 /* CoreData */ = {
			isa = PBXGroup;
			children = (
				0EECBF2E2E4A65900014681E /* CoreDataManager.swift */,
			);
			path = CoreData;
			sourceTree = "<group>";
		};
		0EC097572E8046D7009B30F9 /* Screens */ = {
			isa = PBXGroup;
			children = (
				0ED4DCE72E351BEC0086E73F /* Starting Screen */,
				0EC097552E8046C1009B30F9 /* HomeScreen.swift */,
			);
			path = Screens;
			sourceTree = "<group>";
		};
		0EC5A0092E37AEF900ECDB14 /* Helpers */ = {
			isa = PBXGroup;
			children = (
				0EC5A00D2E37B26A00ECDB14 /* Helpers.swift */,
			);
			path = Helpers;
			sourceTree = "<group>";
		};
		0EC5A00B2E37B06200ECDB14 /* Docs */ = {
			isa = PBXGroup;
			children = (
				0EC5A00C2E37B06800ECDB14 /* ViewController.md */,
			);
			path = Docs;
			sourceTree = "<group>";
		};
		0EC5A00F2E38EB0400ECDB14 /* Information */ = {
			isa = PBXGroup;
			children = (
				0E2FE3392E39954200C76D72 /* InformationView.swift */,
			);
			path = Information;
			sourceTree = "<group>";
		};
		0EC5A0172E3920A100ECDB14 /* Database */ = {
			isa = PBXGroup;
			children = (
				0EC5A0182E3920AB00ECDB14 /* DBServices.swift */,
			);
			path = Database;
			sourceTree = "<group>";
		};
		0EC5A01E2E393E2600ECDB14 /* Models */ = {
			isa = PBXGroup;
			children = (
				0EAE119E2E7F19790048989A /* CoreDataModels */,
				0E5C98922E7DBEE20090D09A /* MessageModel.swift */,
				0EC5A0202E39412500ECDB14 /* UserModel.swift */,
				0E5C98902E7D8F9D0090D09A /* ChatModel.swift */,
			);
			path = Models;
			sourceTree = "<group>";
		};
		0ED4DCE72E351BEC0086E73F /* Starting Screen */ = {
			isa = PBXGroup;
			children = (
				0E5279E32E34F20900CD60F3 /* StartingScreen.swift */,
				0E3D41622E68EF7000E52D53 /* LoadingView.swift */,
			);
			path = "Starting Screen";
			sourceTree = "<group>";
		};
		0ED4DCE82E351BFC0086E73F /* Authentication */ = {
			isa = PBXGroup;
			children = (
				0ED4DCED2E351C1F0086E73F /* ViewModels */,
				0ED4DCEC2E351C180086E73F /* Models */,
				0ED4DCEB2E351C100086E73F /* Views */,
			);
			path = Authentication;
			sourceTree = "<group>";
		};
		0ED4DCEB2E351C100086E73F /* Views */ = {
			isa = PBXGroup;
			children = (
				0ED4FB2A2E361BBB004670CC /* Enums */,
				0ED4DCEE2E351CA30086E73F /* LoginView.swift */,
				0ED4FB262E361717004670CC /* SignUpView.swift */,
				0ED4FB282E361B1C004670CC /* AuthComplementaryViews.swift */,
			);
			path = Views;
			sourceTree = "<group>";
		};
		0ED4DCEC2E351C180086E73F /* Models */ = {
			isa = PBXGroup;
			children = (
			);
			path = Models;
			sourceTree = "<group>";
		};
		0ED4DCED2E351C1F0086E73F /* ViewModels */ = {
			isa = PBXGroup;
			children = (
			);
			path = ViewModels;
			sourceTree = "<group>";
		};
		0ED4FB2A2E361BBB004670CC /* Enums */ = {
			isa = PBXGroup;
			children = (
				0ED4FB2B2E361BDE004670CC /* AuthEnums.swift */,
			);
			path = Enums;
			sourceTree = "<group>";
		};
		0ED4FB352E362A4B004670CC /* Alerts */ = {
			isa = PBXGroup;
			children = (
				0ED4FB382E362A76004670CC /* Enums */,
				0ED4FB372E362A5B004670CC /* ViewModels */,
				0ED4FB362E362A54004670CC /* Views */,
			);
			path = Alerts;
			sourceTree = "<group>";
		};
		0ED4FB362E362A54004670CC /* Views */ = {
			isa = PBXGroup;
			children = (
				0ED4FB332E362537004670CC /* InvalidAlertView.swift */,
			);
			path = Views;
			sourceTree = "<group>";
		};
		0ED4FB372E362A5B004670CC /* ViewModels */ = {
			isa = PBXGroup;
			children = (
				0ED4FB3B2E362A90004670CC /* AlertsViewModel.swift */,
			);
			path = ViewModels;
			sourceTree = "<group>";
		};
		0ED4FB382E362A76004670CC /* Enums */ = {
			isa = PBXGroup;
			children = (
				0ED4FB392E362A7C004670CC /* Enums.swift */,
			);
			path = Enums;
			sourceTree = "<group>";
		};
		0ED4FB3D2E36645B004670CC /* Helpers */ = {
			isa = PBXGroup;
			children = (
			);
			path = Helpers;
			sourceTree = "<group>";
		};
/* End PBXGroup section */

/* Begin PBXNativeTarget section */
		0E52799E2E34EB5100CD60F3 /* Sendora */ = {
			isa = PBXNativeTarget;
			buildConfigurationList = 0E5279C92E34EB5200CD60F3 /* Build configuration list for PBXNativeTarget "Sendora" */;
			buildPhases = (
				0E52799B2E34EB5100CD60F3 /* Sources */,
				0E52799C2E34EB5100CD60F3 /* Frameworks */,
				0E52799D2E34EB5100CD60F3 /* Resources */,
				0ED4DD002E3532990086E73F /* Embed Foundation Extensions */,
			);
			buildRules = (
			);
			dependencies = (
			);
			fileSystemSynchronizedGroups = (
				0E5279E52E34F28700CD60F3 /* Sendora */,
				0ED4DCE22E3507E00086E73F /* Fonts */,
			);
			name = Sendora;
			packageProductDependencies = (
				0EC977992E39A4C000CD3E84 /* SwiftDefaults */,
				0E17C58B2E3BB88E00A2F5EF /* Cloudinary */,
				0EAB7A742E7C7DB90052F52A /* GoogleSignIn */,
				0EAB7A762E7C7DB90052F52A /* GoogleSignInSwift */,
				0EAB7A792E7C7E300052F52A /* FirebaseAnalytics */,
				0EAB7A7B2E7C7E300052F52A /* FirebaseAuth */,
				0EAB7A7D2E7C7E300052F52A /* FirebaseFirestore */,
				0EAB7A7F2E7C7E300052F52A /* FirebaseFirestoreCombine-Community */,
				0EAB7A812E7C7E300052F52A /* FirebaseFirestoreSwift */,
				0E74AC132E7EE259003027C2 /* FirebaseInAppMessaging-Beta */,
				0E74AC152E7EE259003027C2 /* FirebaseInAppMessagingSwift-Beta */,
				0E74AC172E7EE259003027C2 /* FirebaseMessaging */,
			);
			productName = Sendora;
			productReference = 0E52799F2E34EB5100CD60F3 /* Sendora.app */;
			productType = "com.apple.product-type.application";
		};
		0E5279B52E34EB5200CD60F3 /* SendoraTests */ = {
			isa = PBXNativeTarget;
			buildConfigurationList = 0E5279CE2E34EB5200CD60F3 /* Build configuration list for PBXNativeTarget "SendoraTests" */;
			buildPhases = (
				0E5279B22E34EB5200CD60F3 /* Sources */,
				0E5279B32E34EB5200CD60F3 /* Frameworks */,
				0E5279B42E34EB5200CD60F3 /* Resources */,
			);
			buildRules = (
			);
			dependencies = (
				0E5279B82E34EB5200CD60F3 /* PBXTargetDependency */,
			);
			fileSystemSynchronizedGroups = (
				0E5279B92E34EB5200CD60F3 /* SendoraTests */,
			);
			name = SendoraTests;
			packageProductDependencies = (
			);
			productName = SendoraTests;
			productReference = 0E5279B62E34EB5200CD60F3 /* SendoraTests.xctest */;
			productType = "com.apple.product-type.bundle.unit-test";
		};
		0E5279BF2E34EB5200CD60F3 /* SendoraUITests */ = {
			isa = PBXNativeTarget;
			buildConfigurationList = 0E5279D12E34EB5200CD60F3 /* Build configuration list for PBXNativeTarget "SendoraUITests" */;
			buildPhases = (
				0E5279BC2E34EB5200CD60F3 /* Sources */,
				0E5279BD2E34EB5200CD60F3 /* Frameworks */,
				0E5279BE2E34EB5200CD60F3 /* Resources */,
			);
			buildRules = (
			);
			dependencies = (
				0E5279C22E34EB5200CD60F3 /* PBXTargetDependency */,
			);
			fileSystemSynchronizedGroups = (
				0E5279C32E34EB5200CD60F3 /* SendoraUITests */,
			);
			name = SendoraUITests;
			packageProductDependencies = (
			);
			productName = SendoraUITests;
			productReference = 0E5279C02E34EB5200CD60F3 /* SendoraUITests.xctest */;
			productType = "com.apple.product-type.bundle.ui-testing";
		};
/* End PBXNativeTarget section */

/* Begin PBXProject section */
		0E5279972E34EB5000CD60F3 /* Project object */ = {
			isa = PBXProject;
			attributes = {
				BuildIndependentTargetsInParallel = 1;
				LastSwiftUpdateCheck = 1620;
				LastUpgradeCheck = 1620;
				TargetAttributes = {
					0E52799E2E34EB5100CD60F3 = {
						CreatedOnToolsVersion = 16.2;
					};
					0E5279B52E34EB5200CD60F3 = {
						CreatedOnToolsVersion = 16.2;
						TestTargetID = 0E52799E2E34EB5100CD60F3;
					};
					0E5279BF2E34EB5200CD60F3 = {
						CreatedOnToolsVersion = 16.2;
						TestTargetID = 0E52799E2E34EB5100CD60F3;
					};
				};
			};
			buildConfigurationList = 0E52799A2E34EB5000CD60F3 /* Build configuration list for PBXProject "Sendora" */;
			developmentRegion = en;
			hasScannedForEncodings = 0;
			knownRegions = (
				en,
				Base,
			);
			mainGroup = 0E5279962E34EB5000CD60F3;
			minimizedProjectReferenceProxies = 1;
			packageReferences = (
				0E183C962E36FE61000B3BE5 /* XCRemoteSwiftPackageReference "SwiftDefaults" */,
				0E17C58A2E3BB88E00A2F5EF /* XCRemoteSwiftPackageReference "cloudinary_ios" */,
				0EAB7A732E7C7DB90052F52A /* XCRemoteSwiftPackageReference "GoogleSignIn-iOS" */,
				0EAB7A782E7C7E300052F52A /* XCRemoteSwiftPackageReference "firebase-ios-sdk" */,
			);
			preferredProjectObjectVersion = 77;
			productRefGroup = 0E5279A02E34EB5100CD60F3 /* Products */;
			projectDirPath = "";
			projectRoot = "";
			targets = (
				0E52799E2E34EB5100CD60F3 /* Sendora */,
				0E5279B52E34EB5200CD60F3 /* SendoraTests */,
				0E5279BF2E34EB5200CD60F3 /* SendoraUITests */,
			);
		};
/* End PBXProject section */

/* Begin PBXResourcesBuildPhase section */
		0E52799D2E34EB5100CD60F3 /* Resources */ = {
			isa = PBXResourcesBuildPhase;
			buildActionMask = 2147483647;
			files = (
				0E5279A72E34EB5200CD60F3 /* Assets.xcassets in Resources */,
			);
			runOnlyForDeploymentPostprocessing = 0;
		};
		0E5279B42E34EB5200CD60F3 /* Resources */ = {
			isa = PBXResourcesBuildPhase;
			buildActionMask = 2147483647;
			files = (
			);
			runOnlyForDeploymentPostprocessing = 0;
		};
		0E5279BE2E34EB5200CD60F3 /* Resources */ = {
			isa = PBXResourcesBuildPhase;
			buildActionMask = 2147483647;
			files = (
			);
			runOnlyForDeploymentPostprocessing = 0;
		};
/* End PBXResourcesBuildPhase section */

/* Begin PBXSourcesBuildPhase section */
		0E52799B2E34EB5100CD60F3 /* Sources */ = {
			isa = PBXSourcesBuildPhase;
			buildActionMask = 2147483647;
			files = (
				0E5C988F2E7D86630090D09A /* ChatsView.swift in Sources */,
				0EB1F5632E6A2CB400C76205 /* SyncManager.swift in Sources */,
				0EB1F5552E69E25100C76205 /* ImageCloudServices.swift in Sources */,
				0ED4FB322E361DF2004670CC /* AuthenticationServices.swift in Sources */,
				0EAE11BF2E7F1E4D0048989A /* AppMessage+CoreDataClass.swift in Sources */,
				0EAE11C02E7F1E4D0048989A /* AppMessage+CoreDataProperties.swift in Sources */,
				0EAE11C12E7F1E4D0048989A /* MessageContent+CoreDataProperties.swift in Sources */,
				0EAE11C22E7F1E4D0048989A /* AppUser+CoreDataClass.swift in Sources */,
				0EAE11C32E7F1E4D0048989A /* AppUser+CoreDataProperties.swift in Sources */,
				0EAE11C42E7F1E4D0048989A /* MessageContent+CoreDataClass.swift in Sources */,
				0ED4FB342E362537004670CC /* InvalidAlertView.swift in Sources */,
				0EC5A0192E3920C000ECDB14 /* DBServices.swift in Sources */,
				0E5279A32E34EB5100CD60F3 /* SendoraApp.swift in Sources */,
				0EF8F7C52E36F3D30021F494 /* RootView.swift in Sources */,
				0E3D41632E68EF7000E52D53 /* LoadingView.swift in Sources */,
				0EAE11B72E7F1E0E0048989A /* AppChat+CoreDataClass.swift in Sources */,
				0EAE11B82E7F1E0E0048989A /* AppChat+CoreDataProperties.swift in Sources */,
				0EC5A0212E39412500ECDB14 /* UserModel.swift in Sources */,
				0E3D415C2E67AD1A00E52D53 /* CacheManager.swift in Sources */,
				0EECBF2F2E4A65970014681E /* CoreDataManager.swift in Sources */,
				0ED4DCEF2E351CA30086E73F /* LoginView.swift in Sources */,
				0ED4FB292E361B1C004670CC /* AuthComplementaryViews.swift in Sources */,
				0EB1F55F2E6A2A2100C76205 /* AppRestartManager.swift in Sources */,
				0EAEE18C2E49CD5B00A8AF68 /* CacheViewModel.swift in Sources */,
				0EB1F55C2E69E84000C76205 /* ImageLoadingView.swift in Sources */,
				0ED4FB2C2E361BEA004670CC /* AuthEnums.swift in Sources */,
				0ED4FB272E361717004670CC /* SignUpView.swift in Sources */,
				0ED4FB3C2E362A96004670CC /* AlertsViewModel.swift in Sources */,
				0E5C98912E7D8F9D0090D09A /* ChatModel.swift in Sources */,
				0ED4FB3A2E362A81004670CC /* Enums.swift in Sources */,
				0E5279E42E34F20900CD60F3 /* StartingScreen.swift in Sources */,
				0EC097562E8046C1009B30F9 /* HomeScreen.swift in Sources */,
				0E2FE33A2E39954200C76D72 /* InformationView.swift in Sources */,
				0E5C98932E7DBEE80090D09A /* MessageModel.swift in Sources */,
				0E17C5892E3BB79600A2F5EF /* PhotosPickerViewModel.swift in Sources */,
				0EC5A00E2E37B26A00ECDB14 /* Helpers.swift in Sources */,
				0EF7E3642E36C1F9007BA6AE /* RouterViewModel.swift in Sources */,
				0E3D415F2E68A52400E52D53 /* NetworkServices.swift in Sources */,
			);
			runOnlyForDeploymentPostprocessing = 0;
		};
		0E5279B22E34EB5200CD60F3 /* Sources */ = {
			isa = PBXSourcesBuildPhase;
			buildActionMask = 2147483647;
			files = (
			);
			runOnlyForDeploymentPostprocessing = 0;
		};
		0E5279BC2E34EB5200CD60F3 /* Sources */ = {
			isa = PBXSourcesBuildPhase;
			buildActionMask = 2147483647;
			files = (
			);
			runOnlyForDeploymentPostprocessing = 0;
		};
/* End PBXSourcesBuildPhase section */

/* Begin PBXTargetDependency section */
		0E5279B82E34EB5200CD60F3 /* PBXTargetDependency */ = {
			isa = PBXTargetDependency;
			target = 0E52799E2E34EB5100CD60F3 /* Sendora */;
			targetProxy = 0E5279B72E34EB5200CD60F3 /* PBXContainerItemProxy */;
		};
		0E5279C22E34EB5200CD60F3 /* PBXTargetDependency */ = {
			isa = PBXTargetDependency;
			target = 0E52799E2E34EB5100CD60F3 /* Sendora */;
			targetProxy = 0E5279C12E34EB5200CD60F3 /* PBXContainerItemProxy */;
		};
/* End PBXTargetDependency section */

/* Begin XCBuildConfiguration section */
		0E5279CA2E34EB5200CD60F3 /* Debug */ = {
			isa = XCBuildConfiguration;
			buildSettings = {
				ASSETCATALOG_COMPILER_APPICON_NAME = AppIcon;
				ASSETCATALOG_COMPILER_GLOBAL_ACCENT_COLOR_NAME = AccentColor;
				CODE_SIGN_ENTITLEMENTS = Sendora/Sendora.entitlements;
				CODE_SIGN_STYLE = Automatic;
				CURRENT_PROJECT_VERSION = 1;
				DEVELOPMENT_ASSET_PATHS = "\"Sendora/Preview Content\"";
				DEVELOPMENT_TEAM = 3AKG56L6X8;
				ENABLE_PREVIEWS = YES;
				GENERATE_INFOPLIST_FILE = YES;
				INFOPLIST_FILE = Sendora/Info.plist;
				INFOPLIST_KEY_CFBundleDisplayName = Sendora;
				INFOPLIST_KEY_LSApplicationCategoryType = "public.app-category.finance";
				INFOPLIST_KEY_UIApplicationSceneManifest_Generation = YES;
				INFOPLIST_KEY_UIApplicationSupportsIndirectInputEvents = YES;
				INFOPLIST_KEY_UILaunchScreen_Generation = YES;
				INFOPLIST_KEY_UISupportedInterfaceOrientations = UIInterfaceOrientationPortrait;
				INFOPLIST_KEY_UISupportedInterfaceOrientations_iPad = "UIInterfaceOrientationLandscapeLeft UIInterfaceOrientationLandscapeRight UIInterfaceOrientationPortrait UIInterfaceOrientationPortraitUpsideDown";
				IPHONEOS_DEPLOYMENT_TARGET = 26.0;
				LD_RUNPATH_SEARCH_PATHS = (
					"$(inherited)",
					"@executable_path/Frameworks",
				);
				MARKETING_VERSION = 1.0;
				PRODUCT_BUNDLE_IDENTIFIER = youssefashraf.SendoraFinance;
				PRODUCT_NAME = "$(TARGET_NAME)";
				SWIFT_EMIT_LOC_STRINGS = YES;
				SWIFT_VERSION = 5.0;
				TARGETED_DEVICE_FAMILY = "1,2";
			};
			name = Debug;
		};
		0E5279CB2E34EB5200CD60F3 /* Release */ = {
			isa = XCBuildConfiguration;
			buildSettings = {
				ASSETCATALOG_COMPILER_APPICON_NAME = AppIcon;
				ASSETCATALOG_COMPILER_GLOBAL_ACCENT_COLOR_NAME = AccentColor;
				CODE_SIGN_ENTITLEMENTS = Sendora/Sendora.entitlements;
				CODE_SIGN_STYLE = Automatic;
				CURRENT_PROJECT_VERSION = 1;
				DEVELOPMENT_ASSET_PATHS = "\"Sendora/Preview Content\"";
				DEVELOPMENT_TEAM = 3AKG56L6X8;
				ENABLE_PREVIEWS = YES;
				GENERATE_INFOPLIST_FILE = YES;
				INFOPLIST_FILE = Sendora/Info.plist;
				INFOPLIST_KEY_CFBundleDisplayName = Sendora;
				INFOPLIST_KEY_LSApplicationCategoryType = "public.app-category.finance";
				INFOPLIST_KEY_UIApplicationSceneManifest_Generation = YES;
				INFOPLIST_KEY_UIApplicationSupportsIndirectInputEvents = YES;
				INFOPLIST_KEY_UILaunchScreen_Generation = YES;
				INFOPLIST_KEY_UISupportedInterfaceOrientations = UIInterfaceOrientationPortrait;
				INFOPLIST_KEY_UISupportedInterfaceOrientations_iPad = "UIInterfaceOrientationLandscapeLeft UIInterfaceOrientationLandscapeRight UIInterfaceOrientationPortrait UIInterfaceOrientationPortraitUpsideDown";
				IPHONEOS_DEPLOYMENT_TARGET = 26.0;
				LD_RUNPATH_SEARCH_PATHS = (
					"$(inherited)",
					"@executable_path/Frameworks",
				);
				MARKETING_VERSION = 1.0;
				PRODUCT_BUNDLE_IDENTIFIER = youssefashraf.SendoraFinance;
				PRODUCT_NAME = "$(TARGET_NAME)";
				SWIFT_EMIT_LOC_STRINGS = YES;
				SWIFT_VERSION = 5.0;
				TARGETED_DEVICE_FAMILY = "1,2";
			};
			name = Release;
		};
		0E5279CC2E34EB5200CD60F3 /* Debug */ = {
			isa = XCBuildConfiguration;
			buildSettings = {
				ALWAYS_SEARCH_USER_PATHS = NO;
				ASSETCATALOG_COMPILER_GENERATE_SWIFT_ASSET_SYMBOL_EXTENSIONS = YES;
				CLANG_ANALYZER_NONNULL = YES;
				CLANG_ANALYZER_NUMBER_OBJECT_CONVERSION = YES_AGGRESSIVE;
				CLANG_CXX_LANGUAGE_STANDARD = "gnu++20";
				CLANG_ENABLE_MODULES = YES;
				CLANG_ENABLE_OBJC_ARC = YES;
				CLANG_ENABLE_OBJC_WEAK = YES;
				CLANG_WARN_BLOCK_CAPTURE_AUTORELEASING = YES;
				CLANG_WARN_BOOL_CONVERSION = YES;
				CLANG_WARN_COMMA = YES;
				CLANG_WARN_CONSTANT_CONVERSION = YES;
				CLANG_WARN_DEPRECATED_OBJC_IMPLEMENTATIONS = YES;
				CLANG_WARN_DIRECT_OBJC_ISA_USAGE = YES_ERROR;
				CLANG_WARN_DOCUMENTATION_COMMENTS = YES;
				CLANG_WARN_EMPTY_BODY = YES;
				CLANG_WARN_ENUM_CONVERSION = YES;
				CLANG_WARN_INFINITE_RECURSION = YES;
				CLANG_WARN_INT_CONVERSION = YES;
				CLANG_WARN_NON_LITERAL_NULL_CONVERSION = YES;
				CLANG_WARN_OBJC_IMPLICIT_RETAIN_SELF = YES;
				CLANG_WARN_OBJC_LITERAL_CONVERSION = YES;
				CLANG_WARN_OBJC_ROOT_CLASS = YES_ERROR;
				CLANG_WARN_QUOTED_INCLUDE_IN_FRAMEWORK_HEADER = YES;
				CLANG_WARN_RANGE_LOOP_ANALYSIS = YES;
				CLANG_WARN_STRICT_PROTOTYPES = YES;
				CLANG_WARN_SUSPICIOUS_MOVE = YES;
				CLANG_WARN_UNGUARDED_AVAILABILITY = YES_AGGRESSIVE;
				CLANG_WARN_UNREACHABLE_CODE = YES;
				CLANG_WARN__DUPLICATE_METHOD_MATCH = YES;
				COPY_PHASE_STRIP = NO;
				DEBUG_INFORMATION_FORMAT = dwarf;
				ENABLE_STRICT_OBJC_MSGSEND = YES;
				ENABLE_TESTABILITY = YES;
				ENABLE_USER_SCRIPT_SANDBOXING = YES;
				GCC_C_LANGUAGE_STANDARD = gnu17;
				GCC_DYNAMIC_NO_PIC = NO;
				GCC_NO_COMMON_BLOCKS = YES;
				GCC_OPTIMIZATION_LEVEL = 0;
				GCC_PREPROCESSOR_DEFINITIONS = (
					"DEBUG=1",
					"$(inherited)",
				);
				GCC_WARN_64_TO_32_BIT_CONVERSION = YES;
				GCC_WARN_ABOUT_RETURN_TYPE = YES_ERROR;
				GCC_WARN_UNDECLARED_SELECTOR = YES;
				GCC_WARN_UNINITIALIZED_AUTOS = YES_AGGRESSIVE;
				GCC_WARN_UNUSED_FUNCTION = YES;
				GCC_WARN_UNUSED_VARIABLE = YES;
				IPHONEOS_DEPLOYMENT_TARGET = 18.2;
				LOCALIZATION_PREFERS_STRING_CATALOGS = YES;
				MTL_ENABLE_DEBUG_INFO = INCLUDE_SOURCE;
				MTL_FAST_MATH = YES;
				ONLY_ACTIVE_ARCH = YES;
				SDKROOT = iphoneos;
				SWIFT_ACTIVE_COMPILATION_CONDITIONS = "DEBUG $(inherited)";
				SWIFT_OPTIMIZATION_LEVEL = "-Onone";
			};
			name = Debug;
		};
		0E5279CD2E34EB5200CD60F3 /* Release */ = {
			isa = XCBuildConfiguration;
			buildSettings = {
				ALWAYS_SEARCH_USER_PATHS = NO;
				ASSETCATALOG_COMPILER_GENERATE_SWIFT_ASSET_SYMBOL_EXTENSIONS = YES;
				CLANG_ANALYZER_NONNULL = YES;
				CLANG_ANALYZER_NUMBER_OBJECT_CONVERSION = YES_AGGRESSIVE;
				CLANG_CXX_LANGUAGE_STANDARD = "gnu++20";
				CLANG_ENABLE_MODULES = YES;
				CLANG_ENABLE_OBJC_ARC = YES;
				CLANG_ENABLE_OBJC_WEAK = YES;
				CLANG_WARN_BLOCK_CAPTURE_AUTORELEASING = YES;
				CLANG_WARN_BOOL_CONVERSION = YES;
				CLANG_WARN_COMMA = YES;
				CLANG_WARN_CONSTANT_CONVERSION = YES;
				CLANG_WARN_DEPRECATED_OBJC_IMPLEMENTATIONS = YES;
				CLANG_WARN_DIRECT_OBJC_ISA_USAGE = YES_ERROR;
				CLANG_WARN_DOCUMENTATION_COMMENTS = YES;
				CLANG_WARN_EMPTY_BODY = YES;
				CLANG_WARN_ENUM_CONVERSION = YES;
				CLANG_WARN_INFINITE_RECURSION = YES;
				CLANG_WARN_INT_CONVERSION = YES;
				CLANG_WARN_NON_LITERAL_NULL_CONVERSION = YES;
				CLANG_WARN_OBJC_IMPLICIT_RETAIN_SELF = YES;
				CLANG_WARN_OBJC_LITERAL_CONVERSION = YES;
				CLANG_WARN_OBJC_ROOT_CLASS = YES_ERROR;
				CLANG_WARN_QUOTED_INCLUDE_IN_FRAMEWORK_HEADER = YES;
				CLANG_WARN_RANGE_LOOP_ANALYSIS = YES;
				CLANG_WARN_STRICT_PROTOTYPES = YES;
				CLANG_WARN_SUSPICIOUS_MOVE = YES;
				CLANG_WARN_UNGUARDED_AVAILABILITY = YES_AGGRESSIVE;
				CLANG_WARN_UNREACHABLE_CODE = YES;
				CLANG_WARN__DUPLICATE_METHOD_MATCH = YES;
				COPY_PHASE_STRIP = NO;
				DEBUG_INFORMATION_FORMAT = "dwarf-with-dsym";
				ENABLE_NS_ASSERTIONS = NO;
				ENABLE_STRICT_OBJC_MSGSEND = YES;
				ENABLE_USER_SCRIPT_SANDBOXING = YES;
				GCC_C_LANGUAGE_STANDARD = gnu17;
				GCC_NO_COMMON_BLOCKS = YES;
				GCC_WARN_64_TO_32_BIT_CONVERSION = YES;
				GCC_WARN_ABOUT_RETURN_TYPE = YES_ERROR;
				GCC_WARN_UNDECLARED_SELECTOR = YES;
				GCC_WARN_UNINITIALIZED_AUTOS = YES_AGGRESSIVE;
				GCC_WARN_UNUSED_FUNCTION = YES;
				GCC_WARN_UNUSED_VARIABLE = YES;
				IPHONEOS_DEPLOYMENT_TARGET = 18.2;
				LOCALIZATION_PREFERS_STRING_CATALOGS = YES;
				MTL_ENABLE_DEBUG_INFO = NO;
				MTL_FAST_MATH = YES;
				SDKROOT = iphoneos;
				SWIFT_COMPILATION_MODE = wholemodule;
				VALIDATE_PRODUCT = YES;
			};
			name = Release;
		};
		0E5279CF2E34EB5200CD60F3 /* Debug */ = {
			isa = XCBuildConfiguration;
			buildSettings = {
				BUNDLE_LOADER = "$(TEST_HOST)";
				CODE_SIGN_STYLE = Automatic;
				CURRENT_PROJECT_VERSION = 1;
				DEVELOPMENT_TEAM = 3AKG56L6X8;
				GENERATE_INFOPLIST_FILE = YES;
				IPHONEOS_DEPLOYMENT_TARGET = 17.5;
				MARKETING_VERSION = 1.0;
				PRODUCT_BUNDLE_IDENTIFIER = youssefashraf.SendoraTests;
				PRODUCT_NAME = "$(TARGET_NAME)";
				SWIFT_EMIT_LOC_STRINGS = NO;
				SWIFT_VERSION = 5.0;
				TARGETED_DEVICE_FAMILY = "1,2";
				TEST_HOST = "$(BUILT_PRODUCTS_DIR)/Sendora.app/$(BUNDLE_EXECUTABLE_FOLDER_PATH)/Sendora";
			};
			name = Debug;
		};
		0E5279D02E34EB5200CD60F3 /* Release */ = {
			isa = XCBuildConfiguration;
			buildSettings = {
				BUNDLE_LOADER = "$(TEST_HOST)";
				CODE_SIGN_STYLE = Automatic;
				CURRENT_PROJECT_VERSION = 1;
				DEVELOPMENT_TEAM = 3AKG56L6X8;
				GENERATE_INFOPLIST_FILE = YES;
				IPHONEOS_DEPLOYMENT_TARGET = 17.5;
				MARKETING_VERSION = 1.0;
				PRODUCT_BUNDLE_IDENTIFIER = youssefashraf.SendoraTests;
				PRODUCT_NAME = "$(TARGET_NAME)";
				SWIFT_EMIT_LOC_STRINGS = NO;
				SWIFT_VERSION = 5.0;
				TARGETED_DEVICE_FAMILY = "1,2";
				TEST_HOST = "$(BUILT_PRODUCTS_DIR)/Sendora.app/$(BUNDLE_EXECUTABLE_FOLDER_PATH)/Sendora";
			};
			name = Release;
		};
		0E5279D22E34EB5200CD60F3 /* Debug */ = {
			isa = XCBuildConfiguration;
			buildSettings = {
				CODE_SIGN_STYLE = Automatic;
				CURRENT_PROJECT_VERSION = 1;
				DEVELOPMENT_TEAM = 3AKG56L6X8;
				GENERATE_INFOPLIST_FILE = YES;
				MARKETING_VERSION = 1.0;
				PRODUCT_BUNDLE_IDENTIFIER = youssefashraf.SendoraUITests;
				PRODUCT_NAME = "$(TARGET_NAME)";
				SWIFT_EMIT_LOC_STRINGS = NO;
				SWIFT_VERSION = 5.0;
				TARGETED_DEVICE_FAMILY = "1,2";
				TEST_TARGET_NAME = Sendora;
			};
			name = Debug;
		};
		0E5279D32E34EB5200CD60F3 /* Release */ = {
			isa = XCBuildConfiguration;
			buildSettings = {
				CODE_SIGN_STYLE = Automatic;
				CURRENT_PROJECT_VERSION = 1;
				DEVELOPMENT_TEAM = 3AKG56L6X8;
				GENERATE_INFOPLIST_FILE = YES;
				MARKETING_VERSION = 1.0;
				PRODUCT_BUNDLE_IDENTIFIER = youssefashraf.SendoraUITests;
				PRODUCT_NAME = "$(TARGET_NAME)";
				SWIFT_EMIT_LOC_STRINGS = NO;
				SWIFT_VERSION = 5.0;
				TARGETED_DEVICE_FAMILY = "1,2";
				TEST_TARGET_NAME = Sendora;
			};
			name = Release;
		};
/* End XCBuildConfiguration section */

/* Begin XCConfigurationList section */
		0E52799A2E34EB5000CD60F3 /* Build configuration list for PBXProject "Sendora" */ = {
			isa = XCConfigurationList;
			buildConfigurations = (
				0E5279CC2E34EB5200CD60F3 /* Debug */,
				0E5279CD2E34EB5200CD60F3 /* Release */,
			);
			defaultConfigurationIsVisible = 0;
			defaultConfigurationName = Release;
		};
		0E5279C92E34EB5200CD60F3 /* Build configuration list for PBXNativeTarget "Sendora" */ = {
			isa = XCConfigurationList;
			buildConfigurations = (
				0E5279CA2E34EB5200CD60F3 /* Debug */,
				0E5279CB2E34EB5200CD60F3 /* Release */,
			);
			defaultConfigurationIsVisible = 0;
			defaultConfigurationName = Release;
		};
		0E5279CE2E34EB5200CD60F3 /* Build configuration list for PBXNativeTarget "SendoraTests" */ = {
			isa = XCConfigurationList;
			buildConfigurations = (
				0E5279CF2E34EB5200CD60F3 /* Debug */,
				0E5279D02E34EB5200CD60F3 /* Release */,
			);
			defaultConfigurationIsVisible = 0;
			defaultConfigurationName = Release;
		};
		0E5279D12E34EB5200CD60F3 /* Build configuration list for PBXNativeTarget "SendoraUITests" */ = {
			isa = XCConfigurationList;
			buildConfigurations = (
				0E5279D22E34EB5200CD60F3 /* Debug */,
				0E5279D32E34EB5200CD60F3 /* Release */,
			);
			defaultConfigurationIsVisible = 0;
			defaultConfigurationName = Release;
		};
/* End XCConfigurationList section */

/* Begin XCRemoteSwiftPackageReference section */
		0E17C58A2E3BB88E00A2F5EF /* XCRemoteSwiftPackageReference "cloudinary_ios" */ = {
			isa = XCRemoteSwiftPackageReference;
			repositoryURL = "https://github.com/cloudinary/cloudinary_ios.git";
			requirement = {
				kind = upToNextMajorVersion;
				minimumVersion = 5.2.2;
			};
		};
		0E183C962E36FE61000B3BE5 /* XCRemoteSwiftPackageReference "SwiftDefaults" */ = {
			isa = XCRemoteSwiftPackageReference;
			repositoryURL = "https://github.com/yousseeefashrraf/SwiftDefaults";
			requirement = {
				kind = exactVersion;
				version = 0.0.6;
			};
		};
		0EAB7A732E7C7DB90052F52A /* XCRemoteSwiftPackageReference "GoogleSignIn-iOS" */ = {
			isa = XCRemoteSwiftPackageReference;
			repositoryURL = "https://github.com/google/GoogleSignIn-iOS";
			requirement = {
				kind = exactVersion;
				version = 7.0.0;
			};
		};
		0EAB7A782E7C7E300052F52A /* XCRemoteSwiftPackageReference "firebase-ios-sdk" */ = {
			isa = XCRemoteSwiftPackageReference;
			repositoryURL = "https://github.com/firebase/firebase-ios-sdk.git";
			requirement = {
				kind = exactVersion;
				version = 10.8.0;
			};
		};
/* End XCRemoteSwiftPackageReference section */

/* Begin XCSwiftPackageProductDependency section */
		0E17C58B2E3BB88E00A2F5EF /* Cloudinary */ = {
			isa = XCSwiftPackageProductDependency;
			package = 0E17C58A2E3BB88E00A2F5EF /* XCRemoteSwiftPackageReference "cloudinary_ios" */;
			productName = Cloudinary;
		};
		0E74AC132E7EE259003027C2 /* FirebaseInAppMessaging-Beta */ = {
			isa = XCSwiftPackageProductDependency;
			package = 0EAB7A782E7C7E300052F52A /* XCRemoteSwiftPackageReference "firebase-ios-sdk" */;
			productName = "FirebaseInAppMessaging-Beta";
		};
		0E74AC152E7EE259003027C2 /* FirebaseInAppMessagingSwift-Beta */ = {
			isa = XCSwiftPackageProductDependency;
			package = 0EAB7A782E7C7E300052F52A /* XCRemoteSwiftPackageReference "firebase-ios-sdk" */;
			productName = "FirebaseInAppMessagingSwift-Beta";
		};
		0E74AC172E7EE259003027C2 /* FirebaseMessaging */ = {
			isa = XCSwiftPackageProductDependency;
			package = 0EAB7A782E7C7E300052F52A /* XCRemoteSwiftPackageReference "firebase-ios-sdk" */;
			productName = FirebaseMessaging;
		};
		0EAB7A742E7C7DB90052F52A /* GoogleSignIn */ = {
			isa = XCSwiftPackageProductDependency;
			package = 0EAB7A732E7C7DB90052F52A /* XCRemoteSwiftPackageReference "GoogleSignIn-iOS" */;
			productName = GoogleSignIn;
		};
		0EAB7A762E7C7DB90052F52A /* GoogleSignInSwift */ = {
			isa = XCSwiftPackageProductDependency;
			package = 0EAB7A732E7C7DB90052F52A /* XCRemoteSwiftPackageReference "GoogleSignIn-iOS" */;
			productName = GoogleSignInSwift;
		};
		0EAB7A792E7C7E300052F52A /* FirebaseAnalytics */ = {
			isa = XCSwiftPackageProductDependency;
			package = 0EAB7A782E7C7E300052F52A /* XCRemoteSwiftPackageReference "firebase-ios-sdk" */;
			productName = FirebaseAnalytics;
		};
		0EAB7A7B2E7C7E300052F52A /* FirebaseAuth */ = {
			isa = XCSwiftPackageProductDependency;
			package = 0EAB7A782E7C7E300052F52A /* XCRemoteSwiftPackageReference "firebase-ios-sdk" */;
			productName = FirebaseAuth;
		};
		0EAB7A7D2E7C7E300052F52A /* FirebaseFirestore */ = {
			isa = XCSwiftPackageProductDependency;
			package = 0EAB7A782E7C7E300052F52A /* XCRemoteSwiftPackageReference "firebase-ios-sdk" */;
			productName = FirebaseFirestore;
		};
		0EAB7A7F2E7C7E300052F52A /* FirebaseFirestoreCombine-Community */ = {
			isa = XCSwiftPackageProductDependency;
			package = 0EAB7A782E7C7E300052F52A /* XCRemoteSwiftPackageReference "firebase-ios-sdk" */;
			productName = "FirebaseFirestoreCombine-Community";
		};
		0EAB7A812E7C7E300052F52A /* FirebaseFirestoreSwift */ = {
			isa = XCSwiftPackageProductDependency;
			package = 0EAB7A782E7C7E300052F52A /* XCRemoteSwiftPackageReference "firebase-ios-sdk" */;
			productName = FirebaseFirestoreSwift;
		};
		0EC977992E39A4C000CD3E84 /* SwiftDefaults */ = {
			isa = XCSwiftPackageProductDependency;
			package = 0E183C962E36FE61000B3BE5 /* XCRemoteSwiftPackageReference "SwiftDefaults" */;
			productName = SwiftDefaults;
		};
/* End XCSwiftPackageProductDependency section */
	};
	rootObject = 0E5279972E34EB5000CD60F3 /* Project object */;
}
